Microsoft Visual Studio Solution File, Format Version 11.00
# Visual Studio 2008

Project("{54D3DF8D-5B27-5631-79A4-A27289B6607E}") = "3dosero", "Assembly-CSharp.csproj", "{7846A409-E13B-888A-1918-336876472244}"
EndProject
Project("{54D3DF8D-5B27-5631-79A4-A27289B6607E}") = "3dosero", "Assembly-CSharp-Editor.csproj", "{CD2447CD-767D-99CA-4A61-B9F6D9717D2B}"
EndProject
Global
	GlobalSection(SolutionConfigurationPlatforms) = preSolution
		Debug|Any CPU = Debug|Any CPU
		Release|Any CPU = Release|Any CPU
	EndGlobalSection
	GlobalSection(ProjectConfigurationPlatforms) = postSolution
		{7846A409-E13B-888A-1918-336876472244}.Debug|Any CPU.ActiveCfg = Debug|Any CPU
		{7846A409-E13B-888A-1918-336876472244}.Debug|Any CPU.Build.0 = Debug|Any CPU
		{7846A409-E13B-888A-1918-336876472244}.Release|Any CPU.ActiveCfg = Release|Any CPU
		{7846A409-E13B-888A-1918-336876472244}.Release|Any CPU.Build.0 = Release|Any CPU
		{CD2447CD-767D-99CA-4A61-B9F6D9717D2B}.Debug|Any CPU.ActiveCfg = Debug|Any CPU
		{CD2447CD-767D-99CA-4A61-B9F6D9717D2B}.Debug|Any CPU.Build.0 = Debug|Any CPU
		{CD2447CD-767D-99CA-4A61-B9F6D9717D2B}.Release|Any CPU.ActiveCfg = Release|Any CPU
		{CD2447CD-767D-99CA-4A61-B9F6D9717D2B}.Release|Any CPU.Build.0 = Release|Any CPU
	EndGlobalSection
	GlobalSection(SolutionProperties) = preSolution
		HideSolutionNode = FALSE
	EndGlobalSection
	GlobalSection(MonoDevelopProperties) = preSolution
		StartupItem = Assembly-CSharp.csproj
	EndGlobalSection
EndGlobal
